
Microsoft Visual Studio Solution File, Format Version 12.00
# Visual Studio Version 17
VisualStudioVersion = 17.12.35707.178 d17.12
MinimumVisualStudioVersion = 10.0.40219.1
Project("{FAE04EC0-301F-11D3-BF4B-00C04F79EFBC}") = "EmployeeOOP", "EmployeeOOP\EmployeeOOP.csproj", "{3B6504D1-805D-4870-A0B4-68497DF099EF}"
EndProject
Global
	GlobalSection(SolutionConfigurationPlatforms) = preSolution
		Debug|Any CPU = Debug|Any CPU
		Release|Any CPU = Release|Any CPU
	EndGlobalSection
	GlobalSection(ProjectConfigurationPlatforms) = postSolution
		{3B6504D1-805D-4870-A0B4-68497DF099EF}.Debug|Any CPU.ActiveCfg = Debug|Any CPU
		{3B6504D1-805D-4870-A0B4-68497DF099EF}.Debug|Any CPU.Build.0 = Debug|Any CPU
		{3B6504D1-805D-4870-A0B4-68497DF099EF}.Release|Any CPU.ActiveCfg = Release|Any CPU
		{3B6504D1-805D-4870-A0B4-68497DF099EF}.Release|Any CPU.Build.0 = Release|Any CPU
	EndGlobalSection
	GlobalSection(SolutionProperties) = preSolution
		HideSolutionNode = FALSE
	EndGlobalSection
EndGlobal
